// !$*UTF8*$!
{
	archiveVersion = 1;
	classes = {
	};
	objectVersion = 46;
	objects = {

/* Begin PBXBuildFile section */
		18EF223B1ADB970D0062BEA0 /* main.m in Sources */ = {isa = PBXBuildFile; fileRef = 18EF223A1ADB970D0062BEA0 /* main.m */; };
		18EF223E1ADB970D0062BEA0 /* AppDelegate.m in Sources */ = {isa = PBXBuildFile; fileRef = 18EF223D1ADB970D0062BEA0 /* AppDelegate.m */; };
		18EF22411ADB970D0062BEA0 /* ViewController.m in Sources */ = {isa = PBXBuildFile; fileRef = 18EF22401ADB970D0062BEA0 /* ViewController.m */; };
		18EF22441ADB970D0062BEA0 /* Main.storyboard in Resources */ = {isa = PBXBuildFile; fileRef = 18EF22421ADB970D0062BEA0 /* Main.storyboard */; };
		18EF22461ADB970D0062BEA0 /* Images.xcassets in Resources */ = {isa = PBXBuildFile; fileRef = 18EF22451ADB970D0062BEA0 /* Images.xcassets */; };
		18EF22491ADB970D0062BEA0 /* LaunchScreen.xib in Resources */ = {isa = PBXBuildFile; fileRef = 18EF22471ADB970D0062BEA0 /* LaunchScreen.xib */; };
		18EF22551ADB970D0062BEA0 /* WKCoreDataTests.m in Sources */ = {isa = PBXBuildFile; fileRef = 18EF22541ADB970D0062BEA0 /* WKCoreDataTests.m */; };
		18EF229E1ADB97DD0062BEA0 /* MagicalImportFunctions.m in Sources */ = {isa = PBXBuildFile; fileRef = 18EF22621ADB97DD0062BEA0 /* MagicalImportFunctions.m */; };
		18EF229F1ADB97DD0062BEA0 /* NSAttributeDescription+MagicalDataImport.m in Sources */ = {isa = PBXBuildFile; fileRef = 18EF22641ADB97DD0062BEA0 /* NSAttributeDescription+MagicalDataImport.m */; };
		18EF22A01ADB97DD0062BEA0 /* NSEntityDescription+MagicalDataImport.m in Sources */ = {isa = PBXBuildFile; fileRef = 18EF22661ADB97DD0062BEA0 /* NSEntityDescription+MagicalDataImport.m */; };
		18EF22A11ADB97DD0062BEA0 /* NSNumber+MagicalDataImport.m in Sources */ = {isa = PBXBuildFile; fileRef = 18EF22681ADB97DD0062BEA0 /* NSNumber+MagicalDataImport.m */; };
		18EF22A21ADB97DD0062BEA0 /* NSObject+MagicalDataImport.m in Sources */ = {isa = PBXBuildFile; fileRef = 18EF226A1ADB97DD0062BEA0 /* NSObject+MagicalDataImport.m */; };
		18EF22A31ADB97DD0062BEA0 /* NSRelationshipDescription+MagicalDataImport.m in Sources */ = {isa = PBXBuildFile; fileRef = 18EF226C1ADB97DD0062BEA0 /* NSRelationshipDescription+MagicalDataImport.m */; };
		18EF22A41ADB97DD0062BEA0 /* NSString+MagicalDataImport.m in Sources */ = {isa = PBXBuildFile; fileRef = 18EF226E1ADB97DD0062BEA0 /* NSString+MagicalDataImport.m */; };
		18EF22A51ADB97DD0062BEA0 /* NSManagedObject+MagicalAggregation.m in Sources */ = {isa = PBXBuildFile; fileRef = 18EF22711ADB97DD0062BEA0 /* NSManagedObject+MagicalAggregation.m */; };
		18EF22A61ADB97DD0062BEA0 /* NSManagedObject+MagicalDataImport.m in Sources */ = {isa = PBXBuildFile; fileRef = 18EF22731ADB97DD0062BEA0 /* NSManagedObject+MagicalDataImport.m */; };
		18EF22A71ADB97DD0062BEA0 /* NSManagedObject+MagicalFinders.m in Sources */ = {isa = PBXBuildFile; fileRef = 18EF22751ADB97DD0062BEA0 /* NSManagedObject+MagicalFinders.m */; };
		18EF22A81ADB97DD0062BEA0 /* NSManagedObject+MagicalRecord.m in Sources */ = {isa = PBXBuildFile; fileRef = 18EF22771ADB97DD0062BEA0 /* NSManagedObject+MagicalRecord.m */; };
		18EF22A91ADB97DD0062BEA0 /* NSManagedObject+MagicalRequests.m in Sources */ = {isa = PBXBuildFile; fileRef = 18EF22791ADB97DD0062BEA0 /* NSManagedObject+MagicalRequests.m */; };
		18EF22AA1ADB97DD0062BEA0 /* NSManagedObjectContext+MagicalChainSave.m in Sources */ = {isa = PBXBuildFile; fileRef = 18EF227C1ADB97DD0062BEA0 /* NSManagedObjectContext+MagicalChainSave.m */; };
		18EF22AB1ADB97DD0062BEA0 /* NSManagedObjectContext+MagicalObserving.m in Sources */ = {isa = PBXBuildFile; fileRef = 18EF227E1ADB97DD0062BEA0 /* NSManagedObjectContext+MagicalObserving.m */; };
		18EF22AC1ADB97DD0062BEA0 /* NSManagedObjectContext+MagicalRecord.m in Sources */ = {isa = PBXBuildFile; fileRef = 18EF22801ADB97DD0062BEA0 /* NSManagedObjectContext+MagicalRecord.m */; };
		18EF22AD1ADB97DD0062BEA0 /* NSManagedObjectContext+MagicalSaves.m in Sources */ = {isa = PBXBuildFile; fileRef = 18EF22821ADB97DD0062BEA0 /* NSManagedObjectContext+MagicalSaves.m */; };
		18EF22AE1ADB97DD0062BEA0 /* NSManagedObjectContext+MagicalThreading.m in Sources */ = {isa = PBXBuildFile; fileRef = 18EF22841ADB97DD0062BEA0 /* NSManagedObjectContext+MagicalThreading.m */; };
		18EF22AF1ADB97DD0062BEA0 /* NSManagedObjectModel+MagicalRecord.m in Sources */ = {isa = PBXBuildFile; fileRef = 18EF22861ADB97DD0062BEA0 /* NSManagedObjectModel+MagicalRecord.m */; };
		18EF22B01ADB97DD0062BEA0 /* NSPersistentStore+MagicalRecord.m in Sources */ = {isa = PBXBuildFile; fileRef = 18EF22881ADB97DD0062BEA0 /* NSPersistentStore+MagicalRecord.m */; };
		18EF22B11ADB97DD0062BEA0 /* NSPersistentStoreCoordinator+MagicalRecord.m in Sources */ = {isa = PBXBuildFile; fileRef = 18EF228A1ADB97DD0062BEA0 /* NSPersistentStoreCoordinator+MagicalRecord.m */; };
		18EF22B21ADB97DD0062BEA0 /* MagicalRecord+Actions.m in Sources */ = {isa = PBXBuildFile; fileRef = 18EF228D1ADB97DD0062BEA0 /* MagicalRecord+Actions.m */; };
		18EF22B31ADB97DD0062BEA0 /* MagicalRecord+ErrorHandling.m in Sources */ = {isa = PBXBuildFile; fileRef = 18EF228F1ADB97DD0062BEA0 /* MagicalRecord+ErrorHandling.m */; };
		18EF22B41ADB97DD0062BEA0 /* MagicalRecord+iCloud.m in Sources */ = {isa = PBXBuildFile; fileRef = 18EF22911ADB97DD0062BEA0 /* MagicalRecord+iCloud.m */; };
		18EF22B51ADB97DD0062BEA0 /* MagicalRecord+Options.m in Sources */ = {isa = PBXBuildFile; fileRef = 18EF22931ADB97DD0062BEA0 /* MagicalRecord+Options.m */; };
		18EF22B61ADB97DD0062BEA0 /* MagicalRecord+Setup.m in Sources */ = {isa = PBXBuildFile; fileRef = 18EF22951ADB97DD0062BEA0 /* MagicalRecord+Setup.m */; };
		18EF22B71ADB97DD0062BEA0 /* MagicalRecord+ShorthandSupport.m in Sources */ = {isa = PBXBuildFile; fileRef = 18EF22971ADB97DD0062BEA0 /* MagicalRecord+ShorthandSupport.m */; };
		18EF22B81ADB97DD0062BEA0 /* MagicalRecord.m in Sources */ = {isa = PBXBuildFile; fileRef = 18EF22991ADB97DD0062BEA0 /* MagicalRecord.m */; };
		18EF22BC1ADB99670062BEA0 /* CoreData.framework in Frameworks */ = {isa = PBXBuildFile; fileRef = 18EF22BB1ADB99670062BEA0 /* CoreData.framework */; };
		18EF22C01ADB9B270062BEA0 /* Model.xcdatamodeld in Sources */ = {isa = PBXBuildFile; fileRef = 18EF22BE1ADB9B270062BEA0 /* Model.xcdatamodeld */; };
		18EF22C41ADB9BF20062BEA0 /* Persion.m in Sources */ = {isa = PBXBuildFile; fileRef = 18EF22C31ADB9BF20062BEA0 /* Persion.m */; };
/* End PBXBuildFile section */

/* Begin PBXContainerItemProxy section */
		18EF224F1ADB970D0062BEA0 /* PBXContainerItemProxy */ = {
			isa = PBXContainerItemProxy;
			containerPortal = 18EF222D1ADB970D0062BEA0 /* Project object */;
			proxyType = 1;
			remoteGlobalIDString = 18EF22341ADB970D0062BEA0;
			remoteInfo = WKCoreData;
		};
/* End PBXContainerItemProxy section */

/* Begin PBXFileReference section */
		18EF22351ADB970D0062BEA0 /* WKCoreData.app */ = {isa = PBXFileReference; explicitFileType = wrapper.application; includeInIndex = 0; path = WKCoreData.app; sourceTree = BUILT_PRODUCTS_DIR; };
		18EF22391ADB970D0062BEA0 /* Info.plist */ = {isa = PBXFileReference; lastKnownFileType = text.plist.xml; path = Info.plist; sourceTree = "<group>"; };
		18EF223A1ADB970D0062BEA0 /* main.m */ = {isa = PBXFileReference; lastKnownFileType = sourcecode.c.objc; path = main.m; sourceTree = "<group>"; };
		18EF223C1ADB970D0062BEA0 /* AppDelegate.h */ = {isa = PBXFileReference; lastKnownFileType = sourcecode.c.h; path = AppDelegate.h; sourceTree = "<group>"; };
		18EF223D1ADB970D0062BEA0 /* AppDelegate.m */ = {isa = PBXFileReference; lastKnownFileType = sourcecode.c.objc; path = AppDelegate.m; sourceTree = "<group>"; };
		18EF223F1ADB970D0062BEA0 /* ViewController.h */ = {isa = PBXFileReference; lastKnownFileType = sourcecode.c.h; path = ViewController.h; sourceTree = "<group>"; };
		18EF22401ADB970D0062BEA0 /* ViewController.m */ = {isa = PBXFileReference; lastKnownFileType = sourcecode.c.objc; path = ViewController.m; sourceTree = "<group>"; };
		18EF22431ADB970D0062BEA0 /* Base */ = {isa = PBXFileReference; lastKnownFileType = file.storyboard; name = Base; path = Base.lproj/Main.storyboard; sourceTree = "<group>"; };
		18EF22451ADB970D0062BEA0 /* Images.xcassets */ = {isa = PBXFileReference; lastKnownFileType = folder.assetcatalog; path = Images.xcassets; sourceTree = "<group>"; };
		18EF22481ADB970D0062BEA0 /* Base */ = {isa = PBXFileReference; lastKnownFileType = file.xib; name = Base; path = Base.lproj/LaunchScreen.xib; sourceTree = "<group>"; };
		18EF224E1ADB970D0062BEA0 /* WKCoreDataTests.xctest */ = {isa = PBXFileReference; explicitFileType = wrapper.cfbundle; includeInIndex = 0; path = WKCoreDataTests.xctest; sourceTree = BUILT_PRODUCTS_DIR; };
		18EF22531ADB970D0062BEA0 /* Info.plist */ = {isa = PBXFileReference; lastKnownFileType = text.plist.xml; path = Info.plist; sourceTree = "<group>"; };
		18EF22541ADB970D0062BEA0 /* WKCoreDataTests.m */ = {isa = PBXFileReference; lastKnownFileType = sourcecode.c.objc; path = WKCoreDataTests.m; sourceTree = "<group>"; };
		18EF22611ADB97DD0062BEA0 /* MagicalImportFunctions.h */ = {isa = PBXFileReference; fileEncoding = 4; lastKnownFileType = sourcecode.c.h; path = MagicalImportFunctions.h; sourceTree = "<group>"; };
		18EF22621ADB97DD0062BEA0 /* MagicalImportFunctions.m */ = {isa = PBXFileReference; fileEncoding = 4; lastKnownFileType = sourcecode.c.objc; path = MagicalImportFunctions.m; sourceTree = "<group>"; };
		18EF22631ADB97DD0062BEA0 /* NSAttributeDescription+MagicalDataImport.h */ = {isa = PBXFileReference; fileEncoding = 4; lastKnownFileType = sourcecode.c.h; path = "NSAttributeDescription+MagicalDataImport.h"; sourceTree = "<group>"; };
		18EF22641ADB97DD0062BEA0 /* NSAttributeDescription+MagicalDataImport.m */ = {isa = PBXFileReference; fileEncoding = 4; lastKnownFileType = sourcecode.c.objc; path = "NSAttributeDescription+MagicalDataImport.m"; sourceTree = "<group>"; };
		18EF22651ADB97DD0062BEA0 /* NSEntityDescription+MagicalDataImport.h */ = {isa = PBXFileReference; fileEncoding = 4; lastKnownFileType = sourcecode.c.h; path = "NSEntityDescription+MagicalDataImport.h"; sourceTree = "<group>"; };
		18EF22661ADB97DD0062BEA0 /* NSEntityDescription+MagicalDataImport.m */ = {isa = PBXFileReference; fileEncoding = 4; lastKnownFileType = sourcecode.c.objc; path = "NSEntityDescription+MagicalDataImport.m"; sourceTree = "<group>"; };
		18EF22671ADB97DD0062BEA0 /* NSNumber+MagicalDataImport.h */ = {isa = PBXFileReference; fileEncoding = 4; lastKnownFileType = sourcecode.c.h; path = "NSNumber+MagicalDataImport.h"; sourceTree = "<group>"; };
		18EF22681ADB97DD0062BEA0 /* NSNumber+MagicalDataImport.m */ = {isa = PBXFileReference; fileEncoding = 4; lastKnownFileType = sourcecode.c.objc; path = "NSNumber+MagicalDataImport.m"; sourceTree = "<group>"; };
		18EF22691ADB97DD0062BEA0 /* NSObject+MagicalDataImport.h */ = {isa = PBXFileReference; fileEncoding = 4; lastKnownFileType = sourcecode.c.h; path = "NSObject+MagicalDataImport.h"; sourceTree = "<group>"; };
		18EF226A1ADB97DD0062BEA0 /* NSObject+MagicalDataImport.m */ = {isa = PBXFileReference; fileEncoding = 4; lastKnownFileType = sourcecode.c.objc; path = "NSObject+MagicalDataImport.m"; sourceTree = "<group>"; };
		18EF226B1ADB97DD0062BEA0 /* NSRelationshipDescription+MagicalDataImport.h */ = {isa = PBXFileReference; fileEncoding = 4; lastKnownFileType = sourcecode.c.h; path = "NSRelationshipDescription+MagicalDataImport.h"; sourceTree = "<group>"; };
		18EF226C1ADB97DD0062BEA0 /* NSRelationshipDescription+MagicalDataImport.m */ = {isa = PBXFileReference; fileEncoding = 4; lastKnownFileType = sourcecode.c.objc; path = "NSRelationshipDescription+MagicalDataImport.m"; sourceTree = "<group>"; };
		18EF226D1ADB97DD0062BEA0 /* NSString+MagicalDataImport.h */ = {isa = PBXFileReference; fileEncoding = 4; lastKnownFileType = sourcecode.c.h; path = "NSString+MagicalDataImport.h"; sourceTree = "<group>"; };
		18EF226E1ADB97DD0062BEA0 /* NSString+MagicalDataImport.m */ = {isa = PBXFileReference; fileEncoding = 4; lastKnownFileType = sourcecode.c.objc; path = "NSString+MagicalDataImport.m"; sourceTree = "<group>"; };
		18EF22701ADB97DD0062BEA0 /* NSManagedObject+MagicalAggregation.h */ = {isa = PBXFileReference; fileEncoding = 4; lastKnownFileType = sourcecode.c.h; path = "NSManagedObject+MagicalAggregation.h"; sourceTree = "<group>"; };
		18EF22711ADB97DD0062BEA0 /* NSManagedObject+MagicalAggregation.m */ = {isa = PBXFileReference; fileEncoding = 4; lastKnownFileType = sourcecode.c.objc; path = "NSManagedObject+MagicalAggregation.m"; sourceTree = "<group>"; };
		18EF22721ADB97DD0062BEA0 /* NSManagedObject+MagicalDataImport.h */ = {isa = PBXFileReference; fileEncoding = 4; lastKnownFileType = sourcecode.c.h; path = "NSManagedObject+MagicalDataImport.h"; sourceTree = "<group>"; };
		18EF22731ADB97DD0062BEA0 /* NSManagedObject+MagicalDataImport.m */ = {isa = PBXFileReference; fileEncoding = 4; lastKnownFileType = sourcecode.c.objc; path = "NSManagedObject+MagicalDataImport.m"; sourceTree = "<group>"; };
		18EF22741ADB97DD0062BEA0 /* NSManagedObject+MagicalFinders.h */ = {isa = PBXFileReference; fileEncoding = 4; lastKnownFileType = sourcecode.c.h; path = "NSManagedObject+MagicalFinders.h"; sourceTree = "<group>"; };
		18EF22751ADB97DD0062BEA0 /* NSManagedObject+MagicalFinders.m */ = {isa = PBXFileReference; fileEncoding = 4; lastKnownFileType = sourcecode.c.objc; path = "NSManagedObject+MagicalFinders.m"; sourceTree = "<group>"; };
		18EF22761ADB97DD0062BEA0 /* NSManagedObject+MagicalRecord.h */ = {isa = PBXFileReference; fileEncoding = 4; lastKnownFileType = sourcecode.c.h; path = "NSManagedObject+MagicalRecord.h"; sourceTree = "<group>"; };
		18EF22771ADB97DD0062BEA0 /* NSManagedObject+MagicalRecord.m */ = {isa = PBXFileReference; fileEncoding = 4; lastKnownFileType = sourcecode.c.objc; path = "NSManagedObject+MagicalRecord.m"; sourceTree = "<group>"; };
		18EF22781ADB97DD0062BEA0 /* NSManagedObject+MagicalRequests.h */ = {isa = PBXFileReference; fileEncoding = 4; lastKnownFileType = sourcecode.c.h; path = "NSManagedObject+MagicalRequests.h"; sourceTree = "<group>"; };
		18EF22791ADB97DD0062BEA0 /* NSManagedObject+MagicalRequests.m */ = {isa = PBXFileReference; fileEncoding = 4; lastKnownFileType = sourcecode.c.objc; path = "NSManagedObject+MagicalRequests.m"; sourceTree = "<group>"; };
		18EF227B1ADB97DD0062BEA0 /* NSManagedObjectContext+MagicalChainSave.h */ = {isa = PBXFileReference; fileEncoding = 4; lastKnownFileType = sourcecode.c.h; path = "NSManagedObjectContext+MagicalChainSave.h"; sourceTree = "<group>"; };
		18EF227C1ADB97DD0062BEA0 /* NSManagedObjectContext+MagicalChainSave.m */ = {isa = PBXFileReference; fileEncoding = 4; lastKnownFileType = sourcecode.c.objc; path = "NSManagedObjectContext+MagicalChainSave.m"; sourceTree = "<group>"; };
		18EF227D1ADB97DD0062BEA0 /* NSManagedObjectContext+MagicalObserving.h */ = {isa = PBXFileReference; fileEncoding = 4; lastKnownFileType = sourcecode.c.h; path = "NSManagedObjectContext+MagicalObserving.h"; sourceTree = "<group>"; };
		18EF227E1ADB97DD0062BEA0 /* NSManagedObjectContext+MagicalObserving.m */ = {isa = PBXFileReference; fileEncoding = 4; lastKnownFileType = sourcecode.c.objc; path = "NSManagedObjectContext+MagicalObserving.m"; sourceTree = "<group>"; };
		18EF227F1ADB97DD0062BEA0 /* NSManagedObjectContext+MagicalRecord.h */ = {isa = PBXFileReference; fileEncoding = 4; lastKnownFileType = sourcecode.c.h; path = "NSManagedObjectContext+MagicalRecord.h"; sourceTree = "<group>"; };
		18EF22801ADB97DD0062BEA0 /* NSManagedObjectContext+MagicalRecord.m */ = {isa = PBXFileReference; fileEncoding = 4; lastKnownFileType = sourcecode.c.objc; path = "NSManagedObjectContext+MagicalRecord.m"; sourceTree = "<group>"; };
		18EF22811ADB97DD0062BEA0 /* NSManagedObjectContext+MagicalSaves.h */ = {isa = PBXFileReference; fileEncoding = 4; lastKnownFileType = sourcecode.c.h; path = "NSManagedObjectContext+MagicalSaves.h"; sourceTree = "<group>"; };
		18EF22821ADB97DD0062BEA0 /* NSManagedObjectContext+MagicalSaves.m */ = {isa = PBXFileReference; fileEncoding = 4; lastKnownFileType = sourcecode.c.objc; path = "NSManagedObjectContext+MagicalSaves.m"; sourceTree = "<group>"; };
		18EF22831ADB97DD0062BEA0 /* NSManagedObjectContext+MagicalThreading.h */ = {isa = PBXFileReference; fileEncoding = 4; lastKnownFileType = sourcecode.c.h; path = "NSManagedObjectContext+MagicalThreading.h"; sourceTree = "<group>"; };
		18EF22841ADB97DD0062BEA0 /* NSManagedObjectContext+MagicalThreading.m */ = {isa = PBXFileReference; fileEncoding = 4; lastKnownFileType = sourcecode.c.objc; path = "NSManagedObjectContext+MagicalThreading.m"; sourceTree = "<group>"; };
		18EF22851ADB97DD0062BEA0 /* NSManagedObjectModel+MagicalRecord.h */ = {isa = PBXFileReference; fileEncoding = 4; lastKnownFileType = sourcecode.c.h; path = "NSManagedObjectModel+MagicalRecord.h"; sourceTree = "<group>"; };
		18EF22861ADB97DD0062BEA0 /* NSManagedObjectModel+MagicalRecord.m */ = {isa = PBXFileReference; fileEncoding = 4; lastKnownFileType = sourcecode.c.objc; path = "NSManagedObjectModel+MagicalRecord.m"; sourceTree = "<group>"; };
		18EF22871ADB97DD0062BEA0 /* NSPersistentStore+MagicalRecord.h */ = {isa = PBXFileReference; fileEncoding = 4; lastKnownFileType = sourcecode.c.h; path = "NSPersistentStore+MagicalRecord.h"; sourceTree = "<group>"; };
		18EF22881ADB97DD0062BEA0 /* NSPersistentStore+MagicalRecord.m */ = {isa = PBXFileReference; fileEncoding = 4; lastKnownFileType = sourcecode.c.objc; path = "NSPersistentStore+MagicalRecord.m"; sourceTree = "<group>"; };
		18EF22891ADB97DD0062BEA0 /* NSPersistentStoreCoordinator+MagicalRecord.h */ = {isa = PBXFileReference; fileEncoding = 4; lastKnownFileType = sourcecode.c.h; path = "NSPersistentStoreCoordinator+MagicalRecord.h"; sourceTree = "<group>"; };
		18EF228A1ADB97DD0062BEA0 /* NSPersistentStoreCoordinator+MagicalRecord.m */ = {isa = PBXFileReference; fileEncoding = 4; lastKnownFileType = sourcecode.c.objc; path = "NSPersistentStoreCoordinator+MagicalRecord.m"; sourceTree = "<group>"; };
		18EF228C1ADB97DD0062BEA0 /* MagicalRecord+Actions.h */ = {isa = PBXFileReference; fileEncoding = 4; lastKnownFileType = sourcecode.c.h; path = "MagicalRecord+Actions.h"; sourceTree = "<group>"; };
		18EF228D1ADB97DD0062BEA0 /* MagicalRecord+Actions.m */ = {isa = PBXFileReference; fileEncoding = 4; lastKnownFileType = sourcecode.c.objc; path = "MagicalRecord+Actions.m"; sourceTree = "<group>"; };
		18EF228E1ADB97DD0062BEA0 /* MagicalRecord+ErrorHandling.h */ = {isa = PBXFileReference; fileEncoding = 4; lastKnownFileType = sourcecode.c.h; path = "MagicalRecord+ErrorHandling.h"; sourceTree = "<group>"; };
		18EF228F1ADB97DD0062BEA0 /* MagicalRecord+ErrorHandling.m */ = {isa = PBXFileReference; fileEncoding = 4; lastKnownFileType = sourcecode.c.objc; path = "MagicalRecord+ErrorHandling.m"; sourceTree = "<group>"; };
		18EF22901ADB97DD0062BEA0 /* MagicalRecord+iCloud.h */ = {isa = PBXFileReference; fileEncoding = 4; lastKnownFileType = sourcecode.c.h; path = "MagicalRecord+iCloud.h"; sourceTree = "<group>"; };
		18EF22911ADB97DD0062BEA0 /* MagicalRecord+iCloud.m */ = {isa = PBXFileReference; fileEncoding = 4; lastKnownFileType = sourcecode.c.objc; path = "MagicalRecord+iCloud.m"; sourceTree = "<group>"; };
		18EF22921ADB97DD0062BEA0 /* MagicalRecord+Options.h */ = {isa = PBXFileReference; fileEncoding = 4; lastKnownFileType = sourcecode.c.h; path = "MagicalRecord+Options.h"; sourceTree = "<group>"; };
		18EF22931ADB97DD0062BEA0 /* MagicalRecord+Options.m */ = {isa = PBXFileReference; fileEncoding = 4; lastKnownFileType = sourcecode.c.objc; path = "MagicalRecord+Options.m"; sourceTree = "<group>"; };
		18EF22941ADB97DD0062BEA0 /* MagicalRecord+Setup.h */ = {isa = PBXFileReference; fileEncoding = 4; lastKnownFileType = sourcecode.c.h; path = "MagicalRecord+Setup.h"; sourceTree = "<group>"; };
		18EF22951ADB97DD0062BEA0 /* MagicalRecord+Setup.m */ = {isa = PBXFileReference; fileEncoding = 4; lastKnownFileType = sourcecode.c.objc; path = "MagicalRecord+Setup.m"; sourceTree = "<group>"; };
		18EF22961ADB97DD0062BEA0 /* MagicalRecord+ShorthandSupport.h */ = {isa = PBXFileReference; fileEncoding = 4; lastKnownFileType = sourcecode.c.h; path = "MagicalRecord+ShorthandSupport.h"; sourceTree = "<group>"; };
		18EF22971ADB97DD0062BEA0 /* MagicalRecord+ShorthandSupport.m */ = {isa = PBXFileReference; fileEncoding = 4; lastKnownFileType = sourcecode.c.objc; path = "MagicalRecord+ShorthandSupport.m"; sourceTree = "<group>"; };
		18EF22981ADB97DD0062BEA0 /* MagicalRecord.h */ = {isa = PBXFileReference; fileEncoding = 4; lastKnownFileType = sourcecode.c.h; path = MagicalRecord.h; sourceTree = "<group>"; };
		18EF22991ADB97DD0062BEA0 /* MagicalRecord.m */ = {isa = PBXFileReference; fileEncoding = 4; lastKnownFileType = sourcecode.c.objc; path = MagicalRecord.m; sourceTree = "<group>"; };
		18EF229A1ADB97DD0062BEA0 /* MagicalRecordDeprecated.h */ = {isa = PBXFileReference; fileEncoding = 4; lastKnownFileType = sourcecode.c.h; path = MagicalRecordDeprecated.h; sourceTree = "<group>"; };
		18EF229B1ADB97DD0062BEA0 /* MagicalRecordLogging.h */ = {isa = PBXFileReference; fileEncoding = 4; lastKnownFileType = sourcecode.c.h; path = MagicalRecordLogging.h; sourceTree = "<group>"; };
		18EF229C1ADB97DD0062BEA0 /* MagicalRecordShorthand.h */ = {isa = PBXFileReference; fileEncoding = 4; lastKnownFileType = sourcecode.c.h; path = MagicalRecordShorthand.h; sourceTree = "<group>"; };
		18EF229D1ADB97DD0062BEA0 /* CoreData+MagicalRecord.h */ = {isa = PBXFileReference; fileEncoding = 4; lastKnownFileType = sourcecode.c.h; path = "CoreData+MagicalRecord.h"; sourceTree = "<group>"; };
		18EF22BA1ADB98330062BEA0 /* WKCoreData.pch */ = {isa = PBXFileReference; fileEncoding = 4; lastKnownFileType = sourcecode.c.h; path = WKCoreData.pch; sourceTree = "<group>"; };
		18EF22BB1ADB99670062BEA0 /* CoreData.framework */ = {isa = PBXFileReference; lastKnownFileType = wrapper.framework; name = CoreData.framework; path = System/Library/Frameworks/CoreData.framework; sourceTree = SDKROOT; };
		18EF22BF1ADB9B270062BEA0 /* Model.xcdatamodel */ = {isa = PBXFileReference; lastKnownFileType = wrapper.xcdatamodel; path = Model.xcdatamodel; sourceTree = "<group>"; };
		18EF22C21ADB9BF20062BEA0 /* Persion.h */ = {isa = PBXFileReference; fileEncoding = 4; lastKnownFileType = sourcecode.c.h; path = Persion.h; sourceTree = "<group>"; };
		18EF22C31ADB9BF20062BEA0 /* Persion.m */ = {isa = PBXFileReference; fileEncoding = 4; lastKnownFileType = sourcecode.c.objc; path = Persion.m; sourceTree = "<group>"; };
/* End PBXFileReference section */

/* Begin PBXFrameworksBuildPhase section */
		18EF22321ADB970D0062BEA0 /* Frameworks */ = {
			isa = PBXFrameworksBuildPhase;
			buildActionMask = 2147483647;
			files = (
				18EF22BC1ADB99670062BEA0 /* CoreData.framework in Frameworks */,
			);
			runOnlyForDeploymentPostprocessing = 0;
		};
		18EF224B1ADB970D0062BEA0 /* Frameworks */ = {
			isa = PBXFrameworksBuildPhase;
			buildActionMask = 2147483647;
			files = (
			);
			runOnlyForDeploymentPostprocessing = 0;
		};
/* End PBXFrameworksBuildPhase section */

/* Begin PBXGroup section */
		18EF222C1ADB970D0062BEA0 = {
			isa = PBXGroup;
			children = (
				18EF22371ADB970D0062BEA0 /* WKCoreData */,
				18EF22511ADB970D0062BEA0 /* WKCoreDataTests */,
				18EF22361ADB970D0062BEA0 /* Products */,
				18EF22BD1ADB9AC50062BEA0 /* Frameworks */,
			);
			sourceTree = "<group>";
		};
		18EF22361ADB970D0062BEA0 /* Products */ = {
			isa = PBXGroup;
			children = (
				18EF22351ADB970D0062BEA0 /* WKCoreData.app */,
				18EF224E1ADB970D0062BEA0 /* WKCoreDataTests.xctest */,
			);
			name = Products;
			sourceTree = "<group>";
		};
		18EF22371ADB970D0062BEA0 /* WKCoreData */ = {
			isa = PBXGroup;
			children = (
				18EF22C11ADB9BE30062BEA0 /* Model */,
				18EF225E1ADB97DD0062BEA0 /* MagicalRecord */,
				18EF223C1ADB970D0062BEA0 /* AppDelegate.h */,
				18EF223D1ADB970D0062BEA0 /* AppDelegate.m */,
				18EF223F1ADB970D0062BEA0 /* ViewController.h */,
				18EF22401ADB970D0062BEA0 /* ViewController.m */,
				18EF22421ADB970D0062BEA0 /* Main.storyboard */,
				18EF22451ADB970D0062BEA0 /* Images.xcassets */,
				18EF22471ADB970D0062BEA0 /* LaunchScreen.xib */,
				18EF22381ADB970D0062BEA0 /* Supporting Files */,
			);
			path = WKCoreData;
			sourceTree = "<group>";
		};
		18EF22381ADB970D0062BEA0 /* Supporting Files */ = {
			isa = PBXGroup;
			children = (
				18EF22BE1ADB9B270062BEA0 /* Model.xcdatamodeld */,
				18EF22391ADB970D0062BEA0 /* Info.plist */,
				18EF223A1ADB970D0062BEA0 /* main.m */,
				18EF22BA1ADB98330062BEA0 /* WKCoreData.pch */,
			);
			name = "Supporting Files";
			sourceTree = "<group>";
		};
		18EF22511ADB970D0062BEA0 /* WKCoreDataTests */ = {
			isa = PBXGroup;
			children = (
				18EF22541ADB970D0062BEA0 /* WKCoreDataTests.m */,
				18EF22521ADB970D0062BEA0 /* Supporting Files */,
			);
			path = WKCoreDataTests;
			sourceTree = "<group>";
		};
		18EF22521ADB970D0062BEA0 /* Supporting Files */ = {
			isa = PBXGroup;
			children = (
				18EF22531ADB970D0062BEA0 /* Info.plist */,
			);
			name = "Supporting Files";
			sourceTree = "<group>";
		};
		18EF225E1ADB97DD0062BEA0 /* MagicalRecord */ = {
			isa = PBXGroup;
			children = (
				18EF225F1ADB97DD0062BEA0 /* Categories */,
				18EF228B1ADB97DD0062BEA0 /* Core */,
				18EF229D1ADB97DD0062BEA0 /* CoreData+MagicalRecord.h */,
			);
			path = MagicalRecord;
			sourceTree = "<group>";
		};
		18EF225F1ADB97DD0062BEA0 /* Categories */ = {
			isa = PBXGroup;
			children = (
				18EF22601ADB97DD0062BEA0 /* DataImport */,
				18EF226F1ADB97DD0062BEA0 /* NSManagedObject */,
				18EF227A1ADB97DD0062BEA0 /* NSManagedObjectContext */,
				18EF22851ADB97DD0062BEA0 /* NSManagedObjectModel+MagicalRecord.h */,
				18EF22861ADB97DD0062BEA0 /* NSManagedObjectModel+MagicalRecord.m */,
				18EF22871ADB97DD0062BEA0 /* NSPersistentStore+MagicalRecord.h */,
				18EF22881ADB97DD0062BEA0 /* NSPersistentStore+MagicalRecord.m */,
				18EF22891ADB97DD0062BEA0 /* NSPersistentStoreCoordinator+MagicalRecord.h */,
				18EF228A1ADB97DD0062BEA0 /* NSPersistentStoreCoordinator+MagicalRecord.m */,
			);
			path = Categories;
			sourceTree = "<group>";
		};
		18EF22601ADB97DD0062BEA0 /* DataImport */ = {
			isa = PBXGroup;
			children = (
				18EF22611ADB97DD0062BEA0 /* MagicalImportFunctions.h */,
				18EF22621ADB97DD0062BEA0 /* MagicalImportFunctions.m */,
				18EF22631ADB97DD0062BEA0 /* NSAttributeDescription+MagicalDataImport.h */,
				18EF22641ADB97DD0062BEA0 /* NSAttributeDescription+MagicalDataImport.m */,
				18EF22651ADB97DD0062BEA0 /* NSEntityDescription+MagicalDataImport.h */,
				18EF22661ADB97DD0062BEA0 /* NSEntityDescription+MagicalDataImport.m */,
				18EF22671ADB97DD0062BEA0 /* NSNumber+MagicalDataImport.h */,
				18EF22681ADB97DD0062BEA0 /* NSNumber+MagicalDataImport.m */,
				18EF22691ADB97DD0062BEA0 /* NSObject+MagicalDataImport.h */,
				18EF226A1ADB97DD0062BEA0 /* NSObject+MagicalDataImport.m */,
				18EF226B1ADB97DD0062BEA0 /* NSRelationshipDescription+MagicalDataImport.h */,
				18EF226C1ADB97DD0062BEA0 /* NSRelationshipDescription+MagicalDataImport.m */,
				18EF226D1ADB97DD0062BEA0 /* NSString+MagicalDataImport.h */,
				18EF226E1ADB97DD0062BEA0 /* NSString+MagicalDataImport.m */,
			);
			path = DataImport;
			sourceTree = "<group>";
		};
		18EF226F1ADB97DD0062BEA0 /* NSManagedObject */ = {
			isa = PBXGroup;
			children = (
				18EF22701ADB97DD0062BEA0 /* NSManagedObject+MagicalAggregation.h */,
				18EF22711ADB97DD0062BEA0 /* NSManagedObject+MagicalAggregation.m */,
				18EF22721ADB97DD0062BEA0 /* NSManagedObject+MagicalDataImport.h */,
				18EF22731ADB97DD0062BEA0 /* NSManagedObject+MagicalDataImport.m */,
				18EF22741ADB97DD0062BEA0 /* NSManagedObject+MagicalFinders.h */,
				18EF22751ADB97DD0062BEA0 /* NSManagedObject+MagicalFinders.m */,
				18EF22761ADB97DD0062BEA0 /* NSManagedObject+MagicalRecord.h */,
				18EF22771ADB97DD0062BEA0 /* NSManagedObject+MagicalRecord.m */,
				18EF22781ADB97DD0062BEA0 /* NSManagedObject+MagicalRequests.h */,
				18EF22791ADB97DD0062BEA0 /* NSManagedObject+MagicalRequests.m */,
			);
			path = NSManagedObject;
			sourceTree = "<group>";
		};
		18EF227A1ADB97DD0062BEA0 /* NSManagedObjectContext */ = {
			isa = PBXGroup;
			children = (
				18EF227B1ADB97DD0062BEA0 /* NSManagedObjectContext+MagicalChainSave.h */,
				18EF227C1ADB97DD0062BEA0 /* NSManagedObjectContext+MagicalChainSave.m */,
				18EF227D1ADB97DD0062BEA0 /* NSManagedObjectContext+MagicalObserving.h */,
				18EF227E1ADB97DD0062BEA0 /* NSManagedObjectContext+MagicalObserving.m */,
				18EF227F1ADB97DD0062BEA0 /* NSManagedObjectContext+MagicalRecord.h */,
				18EF22801ADB97DD0062BEA0 /* NSManagedObjectContext+MagicalRecord.m */,
				18EF22811ADB97DD0062BEA0 /* NSManagedObjectContext+MagicalSaves.h */,
				18EF22821ADB97DD0062BEA0 /* NSManagedObjectContext+MagicalSaves.m */,
				18EF22831ADB97DD0062BEA0 /* NSManagedObjectContext+MagicalThreading.h */,
				18EF22841ADB97DD0062BEA0 /* NSManagedObjectContext+MagicalThreading.m */,
			);
			path = NSManagedObjectContext;
			sourceTree = "<group>";
		};
		18EF228B1ADB97DD0062BEA0 /* Core */ = {
			isa = PBXGroup;
			children = (
				18EF228C1ADB97DD0062BEA0 /* MagicalRecord+Actions.h */,
				18EF228D1ADB97DD0062BEA0 /* MagicalRecord+Actions.m */,
				18EF228E1ADB97DD0062BEA0 /* MagicalRecord+ErrorHandling.h */,
				18EF228F1ADB97DD0062BEA0 /* MagicalRecord+ErrorHandling.m */,
				18EF22901ADB97DD0062BEA0 /* MagicalRecord+iCloud.h */,
				18EF22911ADB97DD0062BEA0 /* MagicalRecord+iCloud.m */,
				18EF22921ADB97DD0062BEA0 /* MagicalRecord+Options.h */,
				18EF22931ADB97DD0062BEA0 /* MagicalRecord+Options.m */,
				18EF22941ADB97DD0062BEA0 /* MagicalRecord+Setup.h */,
				18EF22951ADB97DD0062BEA0 /* MagicalRecord+Setup.m */,
				18EF22961ADB97DD0062BEA0 /* MagicalRecord+ShorthandSupport.h */,
				18EF22971ADB97DD0062BEA0 /* MagicalRecord+ShorthandSupport.m */,
				18EF22981ADB97DD0062BEA0 /* MagicalRecord.h */,
				18EF22991ADB97DD0062BEA0 /* MagicalRecord.m */,
				18EF229A1ADB97DD0062BEA0 /* MagicalRecordDeprecated.h */,
				18EF229B1ADB97DD0062BEA0 /* MagicalRecordLogging.h */,
				18EF229C1ADB97DD0062BEA0 /* MagicalRecordShorthand.h */,
			);
			path = Core;
			sourceTree = "<group>";
		};
		18EF22BD1ADB9AC50062BEA0 /* Frameworks */ = {
			isa = PBXGroup;
			children = (
				18EF22BB1ADB99670062BEA0 /* CoreData.framework */,
			);
			name = Frameworks;
			sourceTree = "<group>";
		};
		18EF22C11ADB9BE30062BEA0 /* Model */ = {
			isa = PBXGroup;
			children = (
				18EF22C21ADB9BF20062BEA0 /* Persion.h */,
				18EF22C31ADB9BF20062BEA0 /* Persion.m */,
			);
			name = Model;
			sourceTree = "<group>";
		};
/* End PBXGroup section */

/* Begin PBXNativeTarget section */
		18EF22341ADB970D0062BEA0 /* WKCoreData */ = {
			isa = PBXNativeTarget;
			buildConfigurationList = 18EF22581ADB970D0062BEA0 /* Build configuration list for PBXNativeTarget "WKCoreData" */;
			buildPhases = (
				18EF22311ADB970D0062BEA0 /* Sources */,
				18EF22321ADB970D0062BEA0 /* Frameworks */,
				18EF22331ADB970D0062BEA0 /* Resources */,
			);
			buildRules = (
			);
			dependencies = (
			);
			name = WKCoreData;
			productName = WKCoreData;
			productReference = 18EF22351ADB970D0062BEA0 /* WKCoreData.app */;
			productType = "com.apple.product-type.application";
		};
		18EF224D1ADB970D0062BEA0 /* WKCoreDataTests */ = {
			isa = PBXNativeTarget;
			buildConfigurationList = 18EF225B1ADB970D0062BEA0 /* Build configuration list for PBXNativeTarget "WKCoreDataTests" */;
			buildPhases = (
				18EF224A1ADB970D0062BEA0 /* Sources */,
				18EF224B1ADB970D0062BEA0 /* Frameworks */,
				18EF224C1ADB970D0062BEA0 /* Resources */,
			);
			buildRules = (
			);
			dependencies = (
				18EF22501ADB970D0062BEA0 /* PBXTargetDependency */,
			);
			name = WKCoreDataTests;
			productName = WKCoreDataTests;
			productReference = 18EF224E1ADB970D0062BEA0 /* WKCoreDataTests.xctest */;
			productType = "com.apple.product-type.bundle.unit-test";
		};
/* End PBXNativeTarget section */

/* Begin PBXProject section */
		18EF222D1ADB970D0062BEA0 /* Project object */ = {
			isa = PBXProject;
			attributes = {
				LastUpgradeCheck = 0630;
				ORGANIZATIONNAME = wenkai;
				TargetAttributes = {
					18EF22341ADB970D0062BEA0 = {
						CreatedOnToolsVersion = 6.3;
					};
					18EF224D1ADB970D0062BEA0 = {
						CreatedOnToolsVersion = 6.3;
						TestTargetID = 18EF22341ADB970D0062BEA0;
					};
				};
			};
			buildConfigurationList = 18EF22301ADB970D0062BEA0 /* Build configuration list for PBXProject "WKCoreData" */;
			compatibilityVersion = "Xcode 3.2";
			developmentRegion = English;
			hasScannedForEncodings = 0;
			knownRegions = (
				en,
				Base,
			);
			mainGroup = 18EF222C1ADB970D0062BEA0;
			productRefGroup = 18EF22361ADB970D0062BEA0 /* Products */;
			projectDirPath = "";
			projectRoot = "";
			targets = (
				18EF22341ADB970D0062BEA0 /* WKCoreData */,
				18EF224D1ADB970D0062BEA0 /* WKCoreDataTests */,
			);
		};
/* End PBXProject section */

/* Begin PBXResourcesBuildPhase section */
		18EF22331ADB970D0062BEA0 /* Resources */ = {
			isa = PBXResourcesBuildPhase;
			buildActionMask = 2147483647;
			files = (
				18EF22441ADB970D0062BEA0 /* Main.storyboard in Resources */,
				18EF22491ADB970D0062BEA0 /* LaunchScreen.xib in Resources */,
				18EF22461ADB970D0062BEA0 /* Images.xcassets in Resources */,
			);
			runOnlyForDeploymentPostprocessing = 0;
		};
		18EF224C1ADB970D0062BEA0 /* Resources */ = {
			isa = PBXResourcesBuildPhase;
			buildActionMask = 2147483647;
			files = (
			);
			runOnlyForDeploymentPostprocessing = 0;
		};
/* End PBXResourcesBuildPhase section */

/* Begin PBXSourcesBuildPhase section */
		18EF22311ADB970D0062BEA0 /* Sources */ = {
			isa = PBXSourcesBuildPhase;
			buildActionMask = 2147483647;
			files = (
				18EF22411ADB970D0062BEA0 /* ViewController.m in Sources */,
				18EF22B81ADB97DD0062BEA0 /* MagicalRecord.m in Sources */,
				18EF22A91ADB97DD0062BEA0 /* NSManagedObject+MagicalRequests.m in Sources */,
				18EF229E1ADB97DD0062BEA0 /* MagicalImportFunctions.m in Sources */,
				18EF22C41ADB9BF20062BEA0 /* Persion.m in Sources */,
				18EF229F1ADB97DD0062BEA0 /* NSAttributeDescription+MagicalDataImport.m in Sources */,
				18EF223E1ADB970D0062BEA0 /* AppDelegate.m in Sources */,
				18EF22AE1ADB97DD0062BEA0 /* NSManagedObjectContext+MagicalThreading.m in Sources */,
				18EF22AB1ADB97DD0062BEA0 /* NSManagedObjectContext+MagicalObserving.m in Sources */,
				18EF22A71ADB97DD0062BEA0 /* NSManagedObject+MagicalFinders.m in Sources */,
				18EF22A81ADB97DD0062BEA0 /* NSManagedObject+MagicalRecord.m in Sources */,
				18EF22B11ADB97DD0062BEA0 /* NSPersistentStoreCoordinator+MagicalRecord.m in Sources */,
				18EF22AF1ADB97DD0062BEA0 /* NSManagedObjectModel+MagicalRecord.m in Sources */,
				18EF22A01ADB97DD0062BEA0 /* NSEntityDescription+MagicalDataImport.m in Sources */,
				18EF22B01ADB97DD0062BEA0 /* NSPersistentStore+MagicalRecord.m in Sources */,
				18EF22B41ADB97DD0062BEA0 /* MagicalRecord+iCloud.m in Sources */,
				18EF22B71ADB97DD0062BEA0 /* MagicalRecord+ShorthandSupport.m in Sources */,
				18EF22A41ADB97DD0062BEA0 /* NSString+MagicalDataImport.m in Sources */,
				18EF22AA1ADB97DD0062BEA0 /* NSManagedObjectContext+MagicalChainSave.m in Sources */,
				18EF22A21ADB97DD0062BEA0 /* NSObject+MagicalDataImport.m in Sources */,
				18EF22A31ADB97DD0062BEA0 /* NSRelationshipDescription+MagicalDataImport.m in Sources */,
				18EF22AD1ADB97DD0062BEA0 /* NSManagedObjectContext+MagicalSaves.m in Sources */,
				18EF22C01ADB9B270062BEA0 /* Model.xcdatamodeld in Sources */,
				18EF22A51ADB97DD0062BEA0 /* NSManagedObject+MagicalAggregation.m in Sources */,
				18EF22B51ADB97DD0062BEA0 /* MagicalRecord+Options.m in Sources */,
				18EF22B61ADB97DD0062BEA0 /* MagicalRecord+Setup.m in Sources */,
				18EF22B31ADB97DD0062BEA0 /* MagicalRecord+ErrorHandling.m in Sources */,
				18EF22B21ADB97DD0062BEA0 /* MagicalRecord+Actions.m in Sources */,
				18EF22A61ADB97DD0062BEA0 /* NSManagedObject+MagicalDataImport.m in Sources */,
				18EF22AC1ADB97DD0062BEA0 /* NSManagedObjectContext+MagicalRecord.m in Sources */,
				18EF22A11ADB97DD0062BEA0 /* NSNumber+MagicalDataImport.m in Sources */,
				18EF223B1ADB970D0062BEA0 /* main.m in Sources */,
			);
			runOnlyForDeploymentPostprocessing = 0;
		};
		18EF224A1ADB970D0062BEA0 /* Sources */ = {
			isa = PBXSourcesBuildPhase;
			buildActionMask = 2147483647;
			files = (
				18EF22551ADB970D0062BEA0 /* WKCoreDataTests.m in Sources */,
			);
			runOnlyForDeploymentPostprocessing = 0;
		};
/* End PBXSourcesBuildPhase section */

/* Begin PBXTargetDependency section */
		18EF22501ADB970D0062BEA0 /* PBXTargetDependency */ = {
			isa = PBXTargetDependency;
			target = 18EF22341ADB970D0062BEA0 /* WKCoreData */;
			targetProxy = 18EF224F1ADB970D0062BEA0 /* PBXContainerItemProxy */;
		};
/* End PBXTargetDependency section */

/* Begin PBXVariantGroup section */
		18EF22421ADB970D0062BEA0 /* Main.storyboard */ = {
			isa = PBXVariantGroup;
			children = (
				18EF22431ADB970D0062BEA0 /* Base */,
			);
			name = Main.storyboard;
			sourceTree = "<group>";
		};
		18EF22471ADB970D0062BEA0 /* LaunchScreen.xib */ = {
			isa = PBXVariantGroup;
			children = (
				18EF22481ADB970D0062BEA0 /* Base */,
			);
			name = LaunchScreen.xib;
			sourceTree = "<group>";
		};
/* End PBXVariantGroup section */

/* Begin XCBuildConfiguration section */
		18EF22561ADB970D0062BEA0 /* Debug */ = {
			isa = XCBuildConfiguration;
			buildSettings = {
				ALWAYS_SEARCH_USER_PATHS = NO;
				CLANG_CXX_LANGUAGE_STANDARD = "gnu++0x";
				CLANG_CXX_LIBRARY = "libc++";
				CLANG_ENABLE_MODULES = YES;
				CLANG_ENABLE_OBJC_ARC = YES;
				CLANG_WARN_BOOL_CONVERSION = YES;
				CLANG_WARN_CONSTANT_CONVERSION = YES;
				CLANG_WARN_DIRECT_OBJC_ISA_USAGE = YES_ERROR;
				CLANG_WARN_EMPTY_BODY = YES;
				CLANG_WARN_ENUM_CONVERSION = YES;
				CLANG_WARN_INT_CONVERSION = YES;
				CLANG_WARN_OBJC_ROOT_CLASS = YES_ERROR;
				CLANG_WARN_UNREACHABLE_CODE = YES;
				CLANG_WARN__DUPLICATE_METHOD_MATCH = YES;
				"CODE_SIGN_IDENTITY[sdk=iphoneos*]" = "iPhone Developer";
				COPY_PHASE_STRIP = NO;
				DEBUG_INFORMATION_FORMAT = "dwarf-with-dsym";
				ENABLE_STRICT_OBJC_MSGSEND = YES;
				GCC_C_LANGUAGE_STANDARD = gnu99;
				GCC_DYNAMIC_NO_PIC = NO;
				GCC_NO_COMMON_BLOCKS = YES;
				GCC_OPTIMIZATION_LEVEL = 0;
				GCC_PREPROCESSOR_DEFINITIONS = (
					"DEBUG=1",
					"$(inherited)",
				);
				GCC_SYMBOLS_PRIVATE_EXTERN = NO;
				GCC_WARN_64_TO_32_BIT_CONVERSION = YES;
				GCC_WARN_ABOUT_RETURN_TYPE = YES_ERROR;
				GCC_WARN_UNDECLARED_SELECTOR = YES;
				GCC_WARN_UNINITIALIZED_AUTOS = YES_AGGRESSIVE;
				GCC_WARN_UNUSED_FUNCTION = YES;
				GCC_WARN_UNUSED_VARIABLE = YES;
				IPHONEOS_DEPLOYMENT_TARGET = 8.3;
				MTL_ENABLE_DEBUG_INFO = YES;
				ONLY_ACTIVE_ARCH = YES;
				SDKROOT = iphoneos;
			};
			name = Debug;
		};
		18EF22571ADB970D0062BEA0 /* Release */ = {
			isa = XCBuildConfiguration;
			buildSettings = {
				ALWAYS_SEARCH_USER_PATHS = NO;
				CLANG_CXX_LANGUAGE_STANDARD = "gnu++0x";
				CLANG_CXX_LIBRARY = "libc++";
				CLANG_ENABLE_MODULES = YES;
				CLANG_ENABLE_OBJC_ARC = YES;
				CLANG_WARN_BOOL_CONVERSION = YES;
				CLANG_WARN_CONSTANT_CONVERSION = YES;
				CLANG_WARN_DIRECT_OBJC_ISA_USAGE = YES_ERROR;
				CLANG_WARN_EMPTY_BODY = YES;
				CLANG_WARN_ENUM_CONVERSION = YES;
				CLANG_WARN_INT_CONVERSION = YES;
				CLANG_WARN_OBJC_ROOT_CLASS = YES_ERROR;
				CLANG_WARN_UNREACHABLE_CODE = YES;
				CLANG_WARN__DUPLICATE_METHOD_MATCH = YES;
				"CODE_SIGN_IDENTITY[sdk=iphoneos*]" = "iPhone Developer";
				COPY_PHASE_STRIP = NO;
				DEBUG_INFORMATION_FORMAT = "dwarf-with-dsym";
				ENABLE_NS_ASSERTIONS = NO;
				ENABLE_STRICT_OBJC_MSGSEND = YES;
				GCC_C_LANGUAGE_STANDARD = gnu99;
				GCC_NO_COMMON_BLOCKS = YES;
				GCC_WARN_64_TO_32_BIT_CONVERSION = YES;
				GCC_WARN_ABOUT_RETURN_TYPE = YES_ERROR;
				GCC_WARN_UNDECLARED_SELECTOR = YES;
				GCC_WARN_UNINITIALIZED_AUTOS = YES_AGGRESSIVE;
				GCC_WARN_UNUSED_FUNCTION = YES;
				GCC_WARN_UNUSED_VARIABLE = YES;
				IPHONEOS_DEPLOYMENT_TARGET = 8.3;
				MTL_ENABLE_DEBUG_INFO = NO;
				SDKROOT = iphoneos;
				VALIDATE_PRODUCT = YES;
			};
			name = Release;
		};
		18EF22591ADB970D0062BEA0 /* Debug */ = {
			isa = XCBuildConfiguration;
			buildSettings = {
				ASSETCATALOG_COMPILER_APPICON_NAME = AppIcon;
				GCC_PREFIX_HEADER = "$(SRCROOT)/WKCoreData/WKCoreData.pch";
				INFOPLIST_FILE = WKCoreData/Info.plist;
				LD_RUNPATH_SEARCH_PATHS = "$(inherited) @executable_path/Frameworks";
				PRODUCT_NAME = "$(TARGET_NAME)";
			};
			name = Debug;
		};
		18EF225A1ADB970D0062BEA0 /* Release */ = {
			isa = XCBuildConfiguration;
			buildSettings = {
				ASSETCATALOG_COMPILER_APPICON_NAME = AppIcon;
				GCC_PREFIX_HEADER = "$(SRCROOT)/WKCoreData/WKCoreData.pch";
				INFOPLIST_FILE = WKCoreData/Info.plist;
				LD_RUNPATH_SEARCH_PATHS = "$(inherited) @executable_path/Frameworks";
				PRODUCT_NAME = "$(TARGET_NAME)";
			};
			name = Release;
		};
		18EF225C1ADB970D0062BEA0 /* Debug */ = {
			isa = XCBuildConfiguration;
			buildSettings = {
				BUNDLE_LOADER = "$(TEST_HOST)";
				FRAMEWORK_SEARCH_PATHS = (
					"$(SDKROOT)/Developer/Library/Frameworks",
					"$(inherited)",
				);
				GCC_PREPROCESSOR_DEFINITIONS = (
					"DEBUG=1",
					"$(inherited)",
				);
				INFOPLIST_FILE = WKCoreDataTests/Info.plist;
				LD_RUNPATH_SEARCH_PATHS = "$(inherited) @executable_path/Frameworks @loader_path/Frameworks";
				PRODUCT_NAME = "$(TARGET_NAME)";
				TEST_HOST = "$(BUILT_PRODUCTS_DIR)/WKCoreData.app/WKCoreData";
			};
			name = Debug;
		};
		18EF225D1ADB970D0062BEA0 /* Release */ = {
			isa = XCBuildConfiguration;
			buildSettings = {
				BUNDLE_LOADER = "$(TEST_HOST)";
				FRAMEWORK_SEARCH_PATHS = (
					"$(SDKROOT)/Developer/Library/Frameworks",
					"$(inherited)",
				);
				INFOPLIST_FILE = WKCoreDataTests/Info.plist;
				LD_RUNPATH_SEARCH_PATHS = "$(inherited) @executable_path/Frameworks @loader_path/Frameworks";
				PRODUCT_NAME = "$(TARGET_NAME)";
				TEST_HOST = "$(BUILT_PRODUCTS_DIR)/WKCoreData.app/WKCoreData";
			};
			name = Release;
		};
/* End XCBuildConfiguration section */

/* Begin XCConfigurationList section */
		18EF22301ADB970D0062BEA0 /* Build configuration list for PBXProject "WKCoreData" */ = {
			isa = XCConfigurationList;
			buildConfigurations = (
				18EF22561ADB970D0062BEA0 /* Debug */,
				18EF22571ADB970D0062BEA0 /* Release */,
			);
			defaultConfigurationIsVisible = 0;
			defaultConfigurationName = Release;
		};
		18EF22581ADB970D0062BEA0 /* Build configuration list for PBXNativeTarget "WKCoreData" */ = {
			isa = XCConfigurationList;
			buildConfigurations = (
				18EF22591ADB970D0062BEA0 /* Debug */,
				18EF225A1ADB970D0062BEA0 /* Release */,
			);
			defaultConfigurationIsVisible = 0;
		};
		18EF225B1ADB970D0062BEA0 /* Build configuration list for PBXNativeTarget "WKCoreDataTests" */ = {
			isa = XCConfigurationList;
			buildConfigurations = (
				18EF225C1ADB970D0062BEA0 /* Debug */,
				18EF225D1ADB970D0062BEA0 /* Release */,
			);
			defaultConfigurationIsVisible = 0;
		};
/* End XCConfigurationList section */

/* Begin XCVersionGroup section */
		18EF22BE1ADB9B270062BEA0 /* Model.xcdatamodeld */ = {
			isa = XCVersionGroup;
			children = (
				18EF22BF1ADB9B270062BEA0 /* Model.xcdatamodel */,
			);
			currentVersion = 18EF22BF1ADB9B270062BEA0 /* Model.xcdatamodel */;
			path = Model.xcdatamodeld;
			sourceTree = "<group>";
			versionGroupType = wrapper.xcdatamodel;
		};
/* End XCVersionGroup section */
	};
	rootObject = 18EF222D1ADB970D0062BEA0 /* Project object */;
}
